{
  "name": "dongjo",
  "version": "1.0.0",
  "lockfileVersion": 2,
  "requires": true,
  "packages": {
    "": {
      "name": "dongjo",
      "version": "1.0.0",
      "license": "MIT",
      "dependencies": {
        "fxjs": "^0.21.3",
        "lodash-es": "^4.17.21"
      }
    },
    "node_modules/@babel/runtime-corejs3": {
      "version": "7.22.10",
      "resolved": "https://registry.npmjs.org/@babel/runtime-corejs3/-/runtime-corejs3-7.22.10.tgz",
      "integrity": "sha512-IcixfV2Jl3UrqZX4c81+7lVg5++2ufYJyAFW3Aux/ZTvY6LVYYhJ9rMgnbX0zGVq6eqfVpnoatTjZdVki/GmWA==",
      "dependencies": {
        "core-js-pure": "^3.30.2",
        "regenerator-runtime": "^0.14.0"
      },
      "engines": {
        "node": ">=6.9.0"
      }
    },
    "node_modules/core-js-pure": {
      "version": "3.32.0",
      "resolved": "https://registry.npmjs.org/core-js-pure/-/core-js-pure-3.32.0.tgz",
      "integrity": "sha512-qsev1H+dTNYpDUEURRuOXMvpdtAnNEvQWS/FMJ2Vb5AY8ZP4rAPQldkE27joykZPJTe0+IVgHZYh1P5Xu1/i1g==",
      "hasInstallScript": true,
      "funding": {
        "type": "opencollective",
        "url": "https://opencollective.com/core-js"
      }
    },
    "node_modules/fxjs": {
      "version": "0.21.3",
      "resolved": "https://registry.npmjs.org/fxjs/-/fxjs-0.21.3.tgz",
      "integrity": "sha512-8VubsQoPEm2bA+Q80Bh12cTWCnGpIi1T6e6Ot61ZfqbB3yoickB+//HJDpq+okdmu9gNQmnN7VpfRaT/aBdwXA==",
      "dependencies": {
        "@babel/runtime-corejs3": "^7.14.5"
      }
    },
    "node_modules/lodash-es": {
      "version": "4.17.21",
      "resolved": "https://registry.npmjs.org/lodash-es/-/lodash-es-4.17.21.tgz",
      "integrity": "sha512-mKnC+QJ9pWVzv+C4/U3rRsHapFfHvQFoFB92e52xeyGMcX6/OlIl78je1u8vePzYZSkkogMPJ2yjxxsb89cxyw=="
    },
    "node_modules/regenerator-runtime": {
      "version": "0.14.0",
      "resolved": "https://registry.npmjs.org/regenerator-runtime/-/regenerator-runtime-0.14.0.tgz",
      "integrity": "sha512-srw17NI0TUWHuGa5CFGGmhfNIeja30WMBfbslPNhf6JrqQlLN5gcrvig1oqPxiVaXb0oW0XRKtH6Nngs5lKCIA=="
    }
  },
  "dependencies": {
    "@babel/runtime-corejs3": {
      "version": "7.22.10",
      "resolved": "https://registry.npmjs.org/@babel/runtime-corejs3/-/runtime-corejs3-7.22.10.tgz",
      "integrity": "sha512-IcixfV2Jl3UrqZX4c81+7lVg5++2ufYJyAFW3Aux/ZTvY6LVYYhJ9rMgnbX0zGVq6eqfVpnoatTjZdVki/GmWA==",
      "requires": {
        "core-js-pure": "^3.30.2",
        "regenerator-runtime": "^0.14.0"
      }
    },
    "core-js-pure": {
      "version": "3.32.0",
      "resolved": "https://registry.npmjs.org/core-js-pure/-/core-js-pure-3.32.0.tgz",
      "integrity": "sha512-qsev1H+dTNYpDUEURRuOXMvpdtAnNEvQWS/FMJ2Vb5AY8ZP4rAPQldkE27joykZPJTe0+IVgHZYh1P5Xu1/i1g=="
    },
    "fxjs": {
      "version": "0.21.3",
      "resolved": "https://registry.npmjs.org/fxjs/-/fxjs-0.21.3.tgz",
      "integrity": "sha512-8VubsQoPEm2bA+Q80Bh12cTWCnGpIi1T6e6Ot61ZfqbB3yoickB+//HJDpq+okdmu9gNQmnN7VpfRaT/aBdwXA==",
      "requires": {
        "@babel/runtime-corejs3": "^7.14.5"
      }
    },
    "lodash-es": {
      "version": "4.17.21",
      "resolved": "https://registry.npmjs.org/lodash-es/-/lodash-es-4.17.21.tgz",
      "integrity": "sha512-mKnC+QJ9pWVzv+C4/U3rRsHapFfHvQFoFB92e52xeyGMcX6/OlIl78je1u8vePzYZSkkogMPJ2yjxxsb89cxyw=="
    },
    "regenerator-runtime": {
      "version": "0.14.0",
      "resolved": "https://registry.npmjs.org/regenerator-runtime/-/regenerator-runtime-0.14.0.tgz",
      "integrity": "sha512-srw17NI0TUWHuGa5CFGGmhfNIeja30WMBfbslPNhf6JrqQlLN5gcrvig1oqPxiVaXb0oW0XRKtH6Nngs5lKCIA=="
    }
  }
}
