# THIS IS AN AUTOGENERATED FILE. DO NOT EDIT THIS FILE DIRECTLY.
# yarn lockfile v1


"@babel/runtime-corejs3@^7.14.5":
  "integrity" "sha512-IcixfV2Jl3UrqZX4c81+7lVg5++2ufYJyAFW3Aux/ZTvY6LVYYhJ9rMgnbX0zGVq6eqfVpnoatTjZdVki/GmWA=="
  "resolved" "https://registry.npmjs.org/@babel/runtime-corejs3/-/runtime-corejs3-7.22.10.tgz"
  "version" "7.22.10"
  dependencies:
    "core-js-pure" "^3.30.2"
    "regenerator-runtime" "^0.14.0"

"core-js-pure@^3.30.2":
  "integrity" "sha512-qsev1H+dTNYpDUEURRuOXMvpdtAnNEvQWS/FMJ2Vb5AY8ZP4rAPQldkE27joykZPJTe0+IVgHZYh1P5Xu1/i1g=="
  "resolved" "https://registry.npmjs.org/core-js-pure/-/core-js-pure-3.32.0.tgz"
  "version" "3.32.0"

"fxjs@^0.21.3":
  "integrity" "sha512-8VubsQoPEm2bA+Q80Bh12cTWCnGpIi1T6e6Ot61ZfqbB3yoickB+//HJDpq+okdmu9gNQmnN7VpfRaT/aBdwXA=="
  "resolved" "https://registry.npmjs.org/fxjs/-/fxjs-0.21.3.tgz"
  "version" "0.21.3"
  dependencies:
    "@babel/runtime-corejs3" "^7.14.5"

"lodash-es@^4.17.21":
  "integrity" "sha512-mKnC+QJ9pWVzv+C4/U3rRsHapFfHvQFoFB92e52xeyGMcX6/OlIl78je1u8vePzYZSkkogMPJ2yjxxsb89cxyw=="
  "resolved" "https://registry.npmjs.org/lodash-es/-/lodash-es-4.17.21.tgz"
  "version" "4.17.21"

"regenerator-runtime@^0.14.0":
  "integrity" "sha512-srw17NI0TUWHuGa5CFGGmhfNIeja30WMBfbslPNhf6JrqQlLN5gcrvig1oqPxiVaXb0oW0XRKtH6Nngs5lKCIA=="
  "resolved" "https://registry.npmjs.org/regenerator-runtime/-/regenerator-runtime-0.14.0.tgz"
  "version" "0.14.0"
