# THIS IS AN AUTOGENERATED FILE. DO NOT EDIT THIS FILE DIRECTLY.
# yarn lockfile v1


"@types/lodash-es@^4.17.8":
  version "4.17.8"
  resolved "https://registry.yarnpkg.com/@types/lodash-es/-/lodash-es-4.17.8.tgz#cfffd0969507830c22da18dbb20d2ca126fdaa8b"
  integrity sha512-euY3XQcZmIzSy7YH5+Unb3b2X12Wtk54YWINBvvGQ5SmMvwb11JQskGsfkH/5HXK77Kr8GF0wkVDIxzAisWtog==
  dependencies:
    "@types/lodash" "*"

"@types/lodash@*":
  version "4.14.196"
  resolved "https://registry.yarnpkg.com/@types/lodash/-/lodash-4.14.196.tgz#a7c3d6fc52d8d71328b764e28e080b4169ec7a95"
  integrity sha512-22y3o88f4a94mKljsZcanlNWPzO0uBsBdzLAngf2tp533LzZcQzb6+eZPJ+vCTt+bqF2XnvT9gejTLsAcJAJyQ==

lodash-es@^4.17.21:
  version "4.17.21"
  resolved "https://registry.yarnpkg.com/lodash-es/-/lodash-es-4.17.21.tgz#43e626c46e6591b7750beb2b50117390c609e3ee"
  integrity sha512-mKnC+QJ9pWVzv+C4/U3rRsHapFfHvQFoFB92e52xeyGMcX6/OlIl78je1u8vePzYZSkkogMPJ2yjxxsb89cxyw==
