{
  "name": "dajung",
  "version": "1.0.0",
  "lockfileVersion": 3,
  "requires": true,
  "packages": {
    "": {
      "name": "dajung",
      "version": "1.0.0",
      "license": "ISC",
      "dependencies": {
        "fxjs": "^0.21.3"
      }
    },
    "node_modules/@babel/runtime-corejs3": {
      "version": "7.22.6",
      "resolved": "https://registry.npmjs.org/@babel/runtime-corejs3/-/runtime-corejs3-7.22.6.tgz",
      "integrity": "sha512-M+37LLIRBTEVjktoJjbw4KVhupF0U/3PYUCbBwgAd9k17hoKhRu1n935QiG7Tuxv0LJOMrb2vuKEeYUlv0iyiw==",
      "dependencies": {
        "core-js-pure": "^3.30.2",
        "regenerator-runtime": "^0.13.11"
      },
      "engines": {
        "node": ">=6.9.0"
      }
    },
    "node_modules/core-js-pure": {
      "version": "3.32.0",
      "resolved": "https://registry.npmjs.org/core-js-pure/-/core-js-pure-3.32.0.tgz",
      "integrity": "sha512-qsev1H+dTNYpDUEURRuOXMvpdtAnNEvQWS/FMJ2Vb5AY8ZP4rAPQldkE27joykZPJTe0+IVgHZYh1P5Xu1/i1g==",
      "hasInstallScript": true,
      "funding": {
        "type": "opencollective",
        "url": "https://opencollective.com/core-js"
      }
    },
    "node_modules/fxjs": {
      "version": "0.21.3",
      "resolved": "https://registry.npmjs.org/fxjs/-/fxjs-0.21.3.tgz",
      "integrity": "sha512-8VubsQoPEm2bA+Q80Bh12cTWCnGpIi1T6e6Ot61ZfqbB3yoickB+//HJDpq+okdmu9gNQmnN7VpfRaT/aBdwXA==",
      "dependencies": {
        "@babel/runtime-corejs3": "^7.14.5"
      }
    },
    "node_modules/regenerator-runtime": {
      "version": "0.13.11",
      "resolved": "https://registry.npmjs.org/regenerator-runtime/-/regenerator-runtime-0.13.11.tgz",
      "integrity": "sha512-kY1AZVr2Ra+t+piVaJ4gxaFaReZVH40AKNo7UCX6W+dEwBo/2oZJzqfuN1qLq1oL45o56cPaTXELwrTh8Fpggg=="
    }
  }
}
